
Microsoft Visual Studio Solution File, Format Version 12.00
# Visual Studio Version 17
VisualStudioVersion = 17.1.32328.378
MinimumVisualStudioVersion = 10.0.40219.1
Project("{9A19103F-16F7-4668-BE54-9A1E7A4F7556}") = "Tarefa", "Tarefa.csproj", "{196C04EA-5239-4692-8713-CF7470235042}"
EndProject
Global
	GlobalSection(SolutionConfigurationPlatforms) = preSolution
		Debug|Any CPU = Debug|Any CPU
		Release|Any CPU = Release|Any CPU
	EndGlobalSection
	GlobalSection(ProjectConfigurationPlatforms) = postSolution
		{196C04EA-5239-4692-8713-CF7470235042}.Debug|Any CPU.ActiveCfg = Debug|Any CPU
		{196C04EA-5239-4692-8713-CF7470235042}.Debug|Any CPU.Build.0 = Debug|Any CPU
		{196C04EA-5239-4692-8713-CF7470235042}.Release|Any CPU.ActiveCfg = Release|Any CPU
		{196C04EA-5239-4692-8713-CF7470235042}.Release|Any CPU.Build.0 = Release|Any CPU
	EndGlobalSection
	GlobalSection(SolutionProperties) = preSolution
		HideSolutionNode = FALSE
	EndGlobalSection
	GlobalSection(ExtensibilityGlobals) = postSolution
		SolutionGuid = {8D30BFFF-8648-4F9B-8D5E-1A4BF7DEB3D0}
	EndGlobalSection
EndGlobal
